
Microsoft Visual Studio Solution File, Format Version 12.00
# Visual Studio 2013
VisualStudioVersion = 12.0.40629.0
MinimumVisualStudioVersion = 10.0.40219.1
Project("{FAE04EC0-301F-11D3-BF4B-00C04F79EFBC}") = "Link2Test", "Link2Test\Link2Test.csproj", "{B9C1E6AE-E8F0-40E1-B035-007A4E19DCC2}"
EndProject
Global
	GlobalSection(SolutionConfigurationPlatforms) = preSolution
		Debug|Any CPU = Debug|Any CPU
		Release|Any CPU = Release|Any CPU
	EndGlobalSection
	GlobalSection(ProjectConfigurationPlatforms) = postSolution
		{B9C1E6AE-E8F0-40E1-B035-007A4E19DCC2}.Debug|Any CPU.ActiveCfg = Debug|Any CPU
		{B9C1E6AE-E8F0-40E1-B035-007A4E19DCC2}.Debug|Any CPU.Build.0 = Debug|Any CPU
		{B9C1E6AE-E8F0-40E1-B035-007A4E19DCC2}.Release|Any CPU.ActiveCfg = Release|Any CPU
		{B9C1E6AE-E8F0-40E1-B035-007A4E19DCC2}.Release|Any CPU.Build.0 = Release|Any CPU
	EndGlobalSection
	GlobalSection(SolutionProperties) = preSolution
		HideSolutionNode = FALSE
	EndGlobalSection
EndGlobal
